{
  "nodes": {
    "flake-utils": {
      "locked": {
        "lastModified": 1652776076,
        "narHash": "sha256-gzTw/v1vj4dOVbpBSJX4J0DwUR6LIyXo7/SuuTJp1kM=",
        "owner": "numtide",
        "repo": "flake-utils",
        "rev": "04c1b180862888302ddfb2e3ad9eaa63afc60cf8",
        "type": "github"
      },
      "original": {
        "owner": "numtide",
        "ref": "v1.0.0",
        "repo": "flake-utils",
        "type": "github"
      }
    },
    "nixos": {
      "locked": {
        "lastModified": 1690271650,
        "narHash": "sha256-qwdsW8DBY1qH+9luliIH7VzgwvL+ZGI3LZWC0LTiDMI=",
        "owner": "NixOS",
        "repo": "nixpkgs",
        "rev": "6dc93f0daec55ee2f441da385aaf143863e3d671",
        "type": "github"
      },
      "original": {
        "owner": "NixOS",
        "ref": "nixos-23.05",
        "repo": "nixpkgs",
        "type": "github"
      }
    },
    "pythoneda-realm-rydnr-events": {
      "inputs": {
        "flake-utils": [
          "flake-utils"
        ],
        "nixos": [
          "nixos"
        ],
        "pythoneda-shared-pythoneda-banner": [
          "pythoneda-shared-pythoneda-banner"
        ],
        "pythoneda-shared-pythoneda-domain": [
          "pythoneda-shared-pythoneda-domain"
        ]
      },
      "locked": {
        "dir": "events",
        "lastModified": 1690902296,
        "narHash": "sha256-DEPylAjh3zjlYGRI6XTV6LzihABvpr738ZCo7bdgUX8=",
        "owner": "pythoneda-realm-rydnr",
        "repo": "events-artifact",
        "rev": "386492e4448b718ce344103a53b4f871ddd63b1e",
        "type": "github"
      },
      "original": {
        "dir": "events",
        "owner": "pythoneda-realm-rydnr",
        "ref": "0.0.1a5",
        "repo": "events-artifact",
        "type": "github"
      }
    },
    "pythoneda-realm-rydnr-realm": {
      "inputs": {
        "flake-utils": [
          "flake-utils"
        ],
        "nixos": [
          "nixos"
        ],
        "pythoneda-realm-rydnr-events": [
          "pythoneda-realm-rydnr-events"
        ],
        "pythoneda-shared-artifact-changes-events": [
          "pythoneda-shared-artifact-changes-events"
        ],
        "pythoneda-shared-git-shared": "pythoneda-shared-git-shared",
        "pythoneda-shared-pythoneda-banner": [
          "pythoneda-shared-pythoneda-banner"
        ],
        "pythoneda-shared-pythoneda-domain": [
          "pythoneda-shared-pythoneda-domain"
        ]
      },
      "locked": {
        "dir": "realm",
        "lastModified": 1690902754,
        "narHash": "sha256-mxriLJHdlIrdP4DtUXTnsc2897phfnQStAHU085sVBw=",
        "owner": "pythoneda-realm-rydnr",
        "repo": "realm-artifact",
        "rev": "4a88cc376049ecc95d3ef1b6b0191b6e5ebbf312",
        "type": "github"
      },
      "original": {
        "dir": "realm",
        "owner": "pythoneda-realm-rydnr",
        "ref": "0.0.1a6",
        "repo": "realm-artifact",
        "type": "github"
      }
    },
    "pythoneda-shared-artifact-changes-events": {
      "inputs": {
        "flake-utils": [
          "flake-utils"
        ],
        "nixos": [
          "nixos"
        ],
        "pythoneda-shared-artifact-changes-shared": [
          "pythoneda-shared-artifact-changes-shared"
        ],
        "pythoneda-shared-pythoneda-banner": [
          "pythoneda-shared-pythoneda-banner"
        ],
        "pythoneda-shared-pythoneda-domain": [
          "pythoneda-shared-pythoneda-domain"
        ]
      },
      "locked": {
        "dir": "events",
        "lastModified": 1690902043,
        "narHash": "sha256-dkVcPqq/Tw0rP4VdqO316qu3eEr2ofRWUEmMJljieVM=",
        "owner": "pythoneda-shared-artifact-changes",
        "repo": "events-artifact",
        "rev": "a27935a7fa2f7bf5d87a94b7a845d0202bddd5ae",
        "type": "github"
      },
      "original": {
        "dir": "events",
        "owner": "pythoneda-shared-artifact-changes",
        "ref": "0.0.1a8",
        "repo": "events-artifact",
        "type": "github"
      }
    },
    "pythoneda-shared-artifact-changes-shared": {
      "inputs": {
        "flake-utils": [
          "flake-utils"
        ],
        "nixos": [
          "nixos"
        ],
        "pythoneda-shared-pythoneda-banner": [
          "pythoneda-shared-pythoneda-banner"
        ],
        "pythoneda-shared-pythoneda-domain": [
          "pythoneda-shared-pythoneda-domain"
        ]
      },
      "locked": {
        "dir": "shared",
        "lastModified": 1690901961,
        "narHash": "sha256-3VzjpSUiWETAhNyBxVx8mcjK2tXcX4tyi+bwCdtxpTY=",
        "owner": "pythoneda-shared-artifact-changes",
        "repo": "shared-artifact",
        "rev": "30bbbfdb811a40cbc5e337cc9e73397a1fa80e5c",
        "type": "github"
      },
      "original": {
        "dir": "shared",
        "owner": "pythoneda-shared-artifact-changes",
        "ref": "0.0.1a5",
        "repo": "shared-artifact",
        "type": "github"
      }
    },
    "pythoneda-shared-git-shared": {
      "inputs": {
        "flake-utils": [
          "pythoneda-realm-rydnr-realm",
          "flake-utils"
        ],
        "nixos": [
          "pythoneda-realm-rydnr-realm",
          "nixos"
        ],
        "pythoneda-shared-pythoneda-banner": [
          "pythoneda-realm-rydnr-realm",
          "pythoneda-shared-pythoneda-banner"
        ],
        "pythoneda-shared-pythoneda-domain": [
          "pythoneda-realm-rydnr-realm",
          "pythoneda-shared-pythoneda-domain"
        ]
      },
      "locked": {
        "dir": "shared",
        "lastModified": 1690901877,
        "narHash": "sha256-1sBQ0EIfGVns3lSa8TiuTB40Q9TwieAF7hd6v0FXq2g=",
        "owner": "pythoneda-shared-git",
        "repo": "shared-artifact",
        "rev": "2c00a8e4e3dd94f6779fc0987a1c195de4b9fa7c",
        "type": "github"
      },
      "original": {
        "dir": "shared",
        "owner": "pythoneda-shared-git",
        "ref": "0.0.1a10",
        "repo": "shared-artifact",
        "type": "github"
      }
    },
    "pythoneda-shared-git-shared_2": {
      "inputs": {
        "flake-utils": [
          "flake-utils"
        ],
        "nixos": [
          "nixos"
        ],
        "pythoneda-shared-pythoneda-banner": [
          "pythoneda-shared-pythoneda-banner"
        ],
        "pythoneda-shared-pythoneda-domain": [
          "pythoneda-shared-pythoneda-domain"
        ]
      },
      "locked": {
        "dir": "shared",
        "lastModified": 1690901877,
        "narHash": "sha256-1sBQ0EIfGVns3lSa8TiuTB40Q9TwieAF7hd6v0FXq2g=",
        "owner": "pythoneda-shared-git",
        "repo": "shared-artifact",
        "rev": "2c00a8e4e3dd94f6779fc0987a1c195de4b9fa7c",
        "type": "github"
      },
      "original": {
        "dir": "shared",
        "owner": "pythoneda-shared-git",
        "ref": "0.0.1a10",
        "repo": "shared-artifact",
        "type": "github"
      }
    },
    "pythoneda-shared-pythoneda-banner": {
      "inputs": {
        "flake-utils": [
          "flake-utils"
        ],
        "nixos": [
          "nixos"
        ]
      },
      "locked": {
        "lastModified": 1690901456,
        "narHash": "sha256-TNZI2MAPliilVVorcqwQe2/1tnelfLigZe6Y0d6lHNw=",
        "owner": "pythoneda-shared-pythoneda",
        "repo": "banner",
        "rev": "f2221200c8b1165b5a78a389bbcfdef0fe7f3f2e",
        "type": "github"
      },
      "original": {
        "owner": "pythoneda-shared-pythoneda",
        "ref": "0.0.1a7",
        "repo": "banner",
        "type": "github"
      }
    },
    "pythoneda-shared-pythoneda-domain": {
      "inputs": {
        "flake-utils": [
          "flake-utils"
        ],
        "nixos": [
          "nixos"
        ],
        "pythoneda-shared-pythoneda-banner": [
          "pythoneda-shared-pythoneda-banner"
        ]
      },
      "locked": {
        "dir": "domain",
        "lastModified": 1690901592,
        "narHash": "sha256-TYWYjWFG5+6N02YxZ/t+qJej098dO3y7poar0itFnyc=",
        "owner": "pythoneda-shared-pythoneda",
        "repo": "domain-artifact",
        "rev": "171a093020a4f6c1bfb9da5cd61415843da8718f",
        "type": "github"
      },
      "original": {
        "dir": "domain",
        "owner": "pythoneda-shared-pythoneda",
        "ref": "0.0.1a30",
        "repo": "domain-artifact",
        "type": "github"
      }
    },
    "pythoneda-shared-pythoneda-infrastructure": {
      "inputs": {
        "flake-utils": [
          "flake-utils"
        ],
        "nixos": [
          "nixos"
        ],
        "pythoneda-shared-pythoneda-banner": [
          "pythoneda-shared-pythoneda-banner"
        ],
        "pythoneda-shared-pythoneda-domain": [
          "pythoneda-shared-pythoneda-domain"
        ]
      },
      "locked": {
        "dir": "infrastructure",
        "lastModified": 1690901712,
        "narHash": "sha256-IRd36YwUit1TWXAJmSm0zgiV+3jI6eGD6t1NvaP+vxo=",
        "owner": "pythoneda-shared-pythoneda",
        "repo": "infrastructure-artifact",
        "rev": "bd08bd39951a2157cca4076805071d25d09306f6",
        "type": "github"
      },
      "original": {
        "dir": "infrastructure",
        "owner": "pythoneda-shared-pythoneda",
        "ref": "0.0.1a17",
        "repo": "infrastructure-artifact",
        "type": "github"
      }
    },
    "root": {
      "inputs": {
        "flake-utils": "flake-utils",
        "nixos": "nixos",
        "pythoneda-realm-rydnr-events": "pythoneda-realm-rydnr-events",
        "pythoneda-realm-rydnr-realm": "pythoneda-realm-rydnr-realm",
        "pythoneda-shared-artifact-changes-events": "pythoneda-shared-artifact-changes-events",
        "pythoneda-shared-artifact-changes-shared": "pythoneda-shared-artifact-changes-shared",
        "pythoneda-shared-git-shared": "pythoneda-shared-git-shared_2",
        "pythoneda-shared-pythoneda-banner": "pythoneda-shared-pythoneda-banner",
        "pythoneda-shared-pythoneda-domain": "pythoneda-shared-pythoneda-domain",
        "pythoneda-shared-pythoneda-infrastructure": "pythoneda-shared-pythoneda-infrastructure"
      }
    }
  },
  "root": "root",
  "version": 7
}
